
Microsoft Visual Studio Solution File, Format Version 12.00
# Visual Studio 15
VisualStudioVersion = 15.0.27130.2036
MinimumVisualStudioVersion = 10.0.40219.1
Project("{FAE04EC0-301F-11D3-BF4B-00C04F79EFBC}") = "Demo", "Demo\Demo.csproj", "{BE3C32E4-B3E9-43A2-8ED7-8CA3738EAD8C}"
EndProject
Global
	GlobalSection(SolutionConfigurationPlatforms) = preSolution
		Debug|Any CPU = Debug|Any CPU
		Release|Any CPU = Release|Any CPU
	EndGlobalSection
	GlobalSection(ProjectConfigurationPlatforms) = postSolution
		{BE3C32E4-B3E9-43A2-8ED7-8CA3738EAD8C}.Debug|Any CPU.ActiveCfg = Debug|Any CPU
		{BE3C32E4-B3E9-43A2-8ED7-8CA3738EAD8C}.Debug|Any CPU.Build.0 = Debug|Any CPU
		{BE3C32E4-B3E9-43A2-8ED7-8CA3738EAD8C}.Release|Any CPU.ActiveCfg = Release|Any CPU
		{BE3C32E4-B3E9-43A2-8ED7-8CA3738EAD8C}.Release|Any CPU.Build.0 = Release|Any CPU
	EndGlobalSection
	GlobalSection(SolutionProperties) = preSolution
		HideSolutionNode = FALSE
	EndGlobalSection
	GlobalSection(ExtensibilityGlobals) = postSolution
		SolutionGuid = {496C35AE-EDCF-44E7-BAD7-AE59ACD3900E}
	EndGlobalSection
EndGlobal
